// !$*UTF8*$!
{
	archiveVersion = 1;
	classes = {
	};
	objectVersion = 46;
	objects = {

/* Begin PBXBuildFile section */
		4EFE817D1BEC856E00181E14 /* AppDelegate.swift in Sources */ = {isa = PBXBuildFile; fileRef = 4EFE817C1BEC856E00181E14 /* AppDelegate.swift */; };
		4EFE81841BEC856E00181E14 /* Assets.xcassets in Resources */ = {isa = PBXBuildFile; fileRef = 4EFE81831BEC856E00181E14 /* Assets.xcassets */; };
		4EFE81871BEC856E00181E14 /* LaunchScreen.storyboard in Resources */ = {isa = PBXBuildFile; fileRef = 4EFE81851BEC856E00181E14 /* LaunchScreen.storyboard */; };
		4EFE81921BEC856E00181E14 /* SBSwifty3DTouchPeekAndPoPTests.swift in Sources */ = {isa = PBXBuildFile; fileRef = 4EFE81911BEC856E00181E14 /* SBSwifty3DTouchPeekAndPoPTests.swift */; };
		4EFE819D1BEC856E00181E14 /* SBSwifty3DTouchPeekAndPoPUITests.swift in Sources */ = {isa = PBXBuildFile; fileRef = 4EFE819C1BEC856E00181E14 /* SBSwifty3DTouchPeekAndPoPUITests.swift */; };
		4EFE81AD1BEC85CA00181E14 /* SBSwifty3DTouchPreviewingController.swift in Sources */ = {isa = PBXBuildFile; fileRef = 4EFE81AC1BEC85CA00181E14 /* SBSwifty3DTouchPreviewingController.swift */; };
		4EFE81AF1BEC86B800181E14 /* SBSwifty3DTouchDetailViewController.swift in Sources */ = {isa = PBXBuildFile; fileRef = 4EFE81AE1BEC86B800181E14 /* SBSwifty3DTouchDetailViewController.swift */; };
		4EFE81B11BEC8F6200181E14 /* SBSwifty3DTouchButtonViewController.swift in Sources */ = {isa = PBXBuildFile; fileRef = 4EFE81B01BEC8F6200181E14 /* SBSwifty3DTouchButtonViewController.swift */; };
		4EFE81B31BEC8F7E00181E14 /* SBSwifty3DTouchTableViewController.swift in Sources */ = {isa = PBXBuildFile; fileRef = 4EFE81B21BEC8F7E00181E14 /* SBSwifty3DTouchTableViewController.swift */; };
/* End PBXBuildFile section */

/* Begin PBXContainerItemProxy section */
		4EFE818E1BEC856E00181E14 /* PBXContainerItemProxy */ = {
			isa = PBXContainerItemProxy;
			containerPortal = 4EFE81711BEC856E00181E14 /* Project object */;
			proxyType = 1;
			remoteGlobalIDString = 4EFE81781BEC856E00181E14;
			remoteInfo = SBSwifty3DTouchPeekAndPoP;
		};
		4EFE81991BEC856E00181E14 /* PBXContainerItemProxy */ = {
			isa = PBXContainerItemProxy;
			containerPortal = 4EFE81711BEC856E00181E14 /* Project object */;
			proxyType = 1;
			remoteGlobalIDString = 4EFE81781BEC856E00181E14;
			remoteInfo = SBSwifty3DTouchPeekAndPoP;
		};
/* End PBXContainerItemProxy section */

/* Begin PBXFileReference section */
		4EFE81791BEC856E00181E14 /* SBSwifty3DTouchPeekAndPoP.app */ = {isa = PBXFileReference; explicitFileType = wrapper.application; includeInIndex = 0; path = SBSwifty3DTouchPeekAndPoP.app; sourceTree = BUILT_PRODUCTS_DIR; };
		4EFE817C1BEC856E00181E14 /* AppDelegate.swift */ = {isa = PBXFileReference; lastKnownFileType = sourcecode.swift; path = AppDelegate.swift; sourceTree = "<group>"; };
		4EFE81831BEC856E00181E14 /* Assets.xcassets */ = {isa = PBXFileReference; lastKnownFileType = folder.assetcatalog; path = Assets.xcassets; sourceTree = "<group>"; };
		4EFE81861BEC856E00181E14 /* Base */ = {isa = PBXFileReference; lastKnownFileType = file.storyboard; name = Base; path = Base.lproj/LaunchScreen.storyboard; sourceTree = "<group>"; };
		4EFE81881BEC856E00181E14 /* Info.plist */ = {isa = PBXFileReference; lastKnownFileType = text.plist.xml; path = Info.plist; sourceTree = "<group>"; };
		4EFE818D1BEC856E00181E14 /* SBSwifty3DTouchPeekAndPoPTests.xctest */ = {isa = PBXFileReference; explicitFileType = wrapper.cfbundle; includeInIndex = 0; path = SBSwifty3DTouchPeekAndPoPTests.xctest; sourceTree = BUILT_PRODUCTS_DIR; };
		4EFE81911BEC856E00181E14 /* SBSwifty3DTouchPeekAndPoPTests.swift */ = {isa = PBXFileReference; lastKnownFileType = sourcecode.swift; path = SBSwifty3DTouchPeekAndPoPTests.swift; sourceTree = "<group>"; };
		4EFE81931BEC856E00181E14 /* Info.plist */ = {isa = PBXFileReference; lastKnownFileType = text.plist.xml; path = Info.plist; sourceTree = "<group>"; };
		4EFE81981BEC856E00181E14 /* SBSwifty3DTouchPeekAndPoPUITests.xctest */ = {isa = PBXFileReference; explicitFileType = wrapper.cfbundle; includeInIndex = 0; path = SBSwifty3DTouchPeekAndPoPUITests.xctest; sourceTree = BUILT_PRODUCTS_DIR; };
		4EFE819C1BEC856E00181E14 /* SBSwifty3DTouchPeekAndPoPUITests.swift */ = {isa = PBXFileReference; lastKnownFileType = sourcecode.swift; path = SBSwifty3DTouchPeekAndPoPUITests.swift; sourceTree = "<group>"; };
		4EFE819E1BEC856E00181E14 /* Info.plist */ = {isa = PBXFileReference; lastKnownFileType = text.plist.xml; path = Info.plist; sourceTree = "<group>"; };
		4EFE81AC1BEC85CA00181E14 /* SBSwifty3DTouchPreviewingController.swift */ = {isa = PBXFileReference; fileEncoding = 4; lastKnownFileType = sourcecode.swift; path = SBSwifty3DTouchPreviewingController.swift; sourceTree = "<group>"; };
		4EFE81AE1BEC86B800181E14 /* SBSwifty3DTouchDetailViewController.swift */ = {isa = PBXFileReference; fileEncoding = 4; lastKnownFileType = sourcecode.swift; path = SBSwifty3DTouchDetailViewController.swift; sourceTree = "<group>"; };
		4EFE81B01BEC8F6200181E14 /* SBSwifty3DTouchButtonViewController.swift */ = {isa = PBXFileReference; fileEncoding = 4; lastKnownFileType = sourcecode.swift; path = SBSwifty3DTouchButtonViewController.swift; sourceTree = "<group>"; };
		4EFE81B21BEC8F7E00181E14 /* SBSwifty3DTouchTableViewController.swift */ = {isa = PBXFileReference; fileEncoding = 4; lastKnownFileType = sourcecode.swift; path = SBSwifty3DTouchTableViewController.swift; sourceTree = "<group>"; };
/* End PBXFileReference section */

/* Begin PBXFrameworksBuildPhase section */
		4EFE81761BEC856E00181E14 /* Frameworks */ = {
			isa = PBXFrameworksBuildPhase;
			buildActionMask = 2147483647;
			files = (
			);
			runOnlyForDeploymentPostprocessing = 0;
		};
		4EFE818A1BEC856E00181E14 /* Frameworks */ = {
			isa = PBXFrameworksBuildPhase;
			buildActionMask = 2147483647;
			files = (
			);
			runOnlyForDeploymentPostprocessing = 0;
		};
		4EFE81951BEC856E00181E14 /* Frameworks */ = {
			isa = PBXFrameworksBuildPhase;
			buildActionMask = 2147483647;
			files = (
			);
			runOnlyForDeploymentPostprocessing = 0;
		};
/* End PBXFrameworksBuildPhase section */

/* Begin PBXGroup section */
		4EFE81701BEC856E00181E14 = {
			isa = PBXGroup;
			children = (
				4EFE817B1BEC856E00181E14 /* SBSwifty3DTouchPeekAndPoP */,
				4EFE81901BEC856E00181E14 /* SBSwifty3DTouchPeekAndPoPTests */,
				4EFE819B1BEC856E00181E14 /* SBSwifty3DTouchPeekAndPoPUITests */,
				4EFE817A1BEC856E00181E14 /* Products */,
			);
			sourceTree = "<group>";
		};
		4EFE817A1BEC856E00181E14 /* Products */ = {
			isa = PBXGroup;
			children = (
				4EFE81791BEC856E00181E14 /* SBSwifty3DTouchPeekAndPoP.app */,
				4EFE818D1BEC856E00181E14 /* SBSwifty3DTouchPeekAndPoPTests.xctest */,
				4EFE81981BEC856E00181E14 /* SBSwifty3DTouchPeekAndPoPUITests.xctest */,
			);
			name = Products;
			sourceTree = "<group>";
		};
		4EFE817B1BEC856E00181E14 /* SBSwifty3DTouchPeekAndPoP */ = {
			isa = PBXGroup;
			children = (
				4EFE81AB1BEC858900181E14 /* App Delegate */,
				4EFE81AA1BEC858000181E14 /* View Controller */,
				4EFE81831BEC856E00181E14 /* Assets.xcassets */,
				4EFE81851BEC856E00181E14 /* LaunchScreen.storyboard */,
				4EFE81881BEC856E00181E14 /* Info.plist */,
			);
			path = SBSwifty3DTouchPeekAndPoP;
			sourceTree = "<group>";
		};
		4EFE81901BEC856E00181E14 /* SBSwifty3DTouchPeekAndPoPTests */ = {
			isa = PBXGroup;
			children = (
				4EFE81911BEC856E00181E14 /* SBSwifty3DTouchPeekAndPoPTests.swift */,
				4EFE81931BEC856E00181E14 /* Info.plist */,
			);
			path = SBSwifty3DTouchPeekAndPoPTests;
			sourceTree = "<group>";
		};
		4EFE819B1BEC856E00181E14 /* SBSwifty3DTouchPeekAndPoPUITests */ = {
			isa = PBXGroup;
			children = (
				4EFE819C1BEC856E00181E14 /* SBSwifty3DTouchPeekAndPoPUITests.swift */,
				4EFE819E1BEC856E00181E14 /* Info.plist */,
			);
			path = SBSwifty3DTouchPeekAndPoPUITests;
			sourceTree = "<group>";
		};
		4EFE81AA1BEC858000181E14 /* View Controller */ = {
			isa = PBXGroup;
			children = (
				4EFE81AC1BEC85CA00181E14 /* SBSwifty3DTouchPreviewingController.swift */,
				4EFE81B01BEC8F6200181E14 /* SBSwifty3DTouchButtonViewController.swift */,
				4EFE81B21BEC8F7E00181E14 /* SBSwifty3DTouchTableViewController.swift */,
				4EFE81AE1BEC86B800181E14 /* SBSwifty3DTouchDetailViewController.swift */,
			);
			name = "View Controller";
			sourceTree = "<group>";
		};
		4EFE81AB1BEC858900181E14 /* App Delegate */ = {
			isa = PBXGroup;
			children = (
				4EFE817C1BEC856E00181E14 /* AppDelegate.swift */,
			);
			name = "App Delegate";
			sourceTree = "<group>";
		};
/* End PBXGroup section */

/* Begin PBXNativeTarget section */
		4EFE81781BEC856E00181E14 /* SBSwifty3DTouchPeekAndPoP */ = {
			isa = PBXNativeTarget;
			buildConfigurationList = 4EFE81A11BEC856E00181E14 /* Build configuration list for PBXNativeTarget "SBSwifty3DTouchPeekAndPoP" */;
			buildPhases = (
				4EFE81751BEC856E00181E14 /* Sources */,
				4EFE81761BEC856E00181E14 /* Frameworks */,
				4EFE81771BEC856E00181E14 /* Resources */,
			);
			buildRules = (
			);
			dependencies = (
			);
			name = SBSwifty3DTouchPeekAndPoP;
			productName = SBSwifty3DTouchPeekAndPoP;
			productReference = 4EFE81791BEC856E00181E14 /* SBSwifty3DTouchPeekAndPoP.app */;
			productType = "com.apple.product-type.application";
		};
		4EFE818C1BEC856E00181E14 /* SBSwifty3DTouchPeekAndPoPTests */ = {
			isa = PBXNativeTarget;
			buildConfigurationList = 4EFE81A41BEC856E00181E14 /* Build configuration list for PBXNativeTarget "SBSwifty3DTouchPeekAndPoPTests" */;
			buildPhases = (
				4EFE81891BEC856E00181E14 /* Sources */,
				4EFE818A1BEC856E00181E14 /* Frameworks */,
				4EFE818B1BEC856E00181E14 /* Resources */,
			);
			buildRules = (
			);
			dependencies = (
				4EFE818F1BEC856E00181E14 /* PBXTargetDependency */,
			);
			name = SBSwifty3DTouchPeekAndPoPTests;
			productName = SBSwifty3DTouchPeekAndPoPTests;
			productReference = 4EFE818D1BEC856E00181E14 /* SBSwifty3DTouchPeekAndPoPTests.xctest */;
			productType = "com.apple.product-type.bundle.unit-test";
		};
		4EFE81971BEC856E00181E14 /* SBSwifty3DTouchPeekAndPoPUITests */ = {
			isa = PBXNativeTarget;
			buildConfigurationList = 4EFE81A71BEC856E00181E14 /* Build configuration list for PBXNativeTarget "SBSwifty3DTouchPeekAndPoPUITests" */;
			buildPhases = (
				4EFE81941BEC856E00181E14 /* Sources */,
				4EFE81951BEC856E00181E14 /* Frameworks */,
				4EFE81961BEC856E00181E14 /* Resources */,
			);
			buildRules = (
			);
			dependencies = (
				4EFE819A1BEC856E00181E14 /* PBXTargetDependency */,
			);
			name = SBSwifty3DTouchPeekAndPoPUITests;
			productName = SBSwifty3DTouchPeekAndPoPUITests;
			productReference = 4EFE81981BEC856E00181E14 /* SBSwifty3DTouchPeekAndPoPUITests.xctest */;
			productType = "com.apple.product-type.bundle.ui-testing";
		};
/* End PBXNativeTarget section */

/* Begin PBXProject section */
		4EFE81711BEC856E00181E14 /* Project object */ = {
			isa = PBXProject;
			attributes = {
				LastSwiftUpdateCheck = 0710;
				LastUpgradeCheck = 0710;
				ORGANIZATIONNAME = SANKARLAL;
				TargetAttributes = {
					4EFE81781BEC856E00181E14 = {
						CreatedOnToolsVersion = 7.1;
						DevelopmentTeam = 8JPAM5YKG2;
					};
					4EFE818C1BEC856E00181E14 = {
						CreatedOnToolsVersion = 7.1;
						TestTargetID = 4EFE81781BEC856E00181E14;
					};
					4EFE81971BEC856E00181E14 = {
						CreatedOnToolsVersion = 7.1;
						TestTargetID = 4EFE81781BEC856E00181E14;
					};
				};
			};
			buildConfigurationList = 4EFE81741BEC856E00181E14 /* Build configuration list for PBXProject "SBSwifty3DTouchPeekAndPoP" */;
			compatibilityVersion = "Xcode 3.2";
			developmentRegion = English;
			hasScannedForEncodings = 0;
			knownRegions = (
				en,
				Base,
			);
			mainGroup = 4EFE81701BEC856E00181E14;
			productRefGroup = 4EFE817A1BEC856E00181E14 /* Products */;
			projectDirPath = "";
			projectRoot = "";
			targets = (
				4EFE81781BEC856E00181E14 /* SBSwifty3DTouchPeekAndPoP */,
				4EFE818C1BEC856E00181E14 /* SBSwifty3DTouchPeekAndPoPTests */,
				4EFE81971BEC856E00181E14 /* SBSwifty3DTouchPeekAndPoPUITests */,
			);
		};
/* End PBXProject section */

/* Begin PBXResourcesBuildPhase section */
		4EFE81771BEC856E00181E14 /* Resources */ = {
			isa = PBXResourcesBuildPhase;
			buildActionMask = 2147483647;
			files = (
				4EFE81871BEC856E00181E14 /* LaunchScreen.storyboard in Resources */,
				4EFE81841BEC856E00181E14 /* Assets.xcassets in Resources */,
			);
			runOnlyForDeploymentPostprocessing = 0;
		};
		4EFE818B1BEC856E00181E14 /* Resources */ = {
			isa = PBXResourcesBuildPhase;
			buildActionMask = 2147483647;
			files = (
			);
			runOnlyForDeploymentPostprocessing = 0;
		};
		4EFE81961BEC856E00181E14 /* Resources */ = {
			isa = PBXResourcesBuildPhase;
			buildActionMask = 2147483647;
			files = (
			);
			runOnlyForDeploymentPostprocessing = 0;
		};
/* End PBXResourcesBuildPhase section */

/* Begin PBXSourcesBuildPhase section */
		4EFE81751BEC856E00181E14 /* Sources */ = {
			isa = PBXSourcesBuildPhase;
			buildActionMask = 2147483647;
			files = (
				4EFE81B11BEC8F6200181E14 /* SBSwifty3DTouchButtonViewController.swift in Sources */,
				4EFE817D1BEC856E00181E14 /* AppDelegate.swift in Sources */,
				4EFE81B31BEC8F7E00181E14 /* SBSwifty3DTouchTableViewController.swift in Sources */,
				4EFE81AD1BEC85CA00181E14 /* SBSwifty3DTouchPreviewingController.swift in Sources */,
				4EFE81AF1BEC86B800181E14 /* SBSwifty3DTouchDetailViewController.swift in Sources */,
			);
			runOnlyForDeploymentPostprocessing = 0;
		};
		4EFE81891BEC856E00181E14 /* Sources */ = {
			isa = PBXSourcesBuildPhase;
			buildActionMask = 2147483647;
			files = (
				4EFE81921BEC856E00181E14 /* SBSwifty3DTouchPeekAndPoPTests.swift in Sources */,
			);
			runOnlyForDeploymentPostprocessing = 0;
		};
		4EFE81941BEC856E00181E14 /* Sources */ = {
			isa = PBXSourcesBuildPhase;
			buildActionMask = 2147483647;
			files = (
				4EFE819D1BEC856E00181E14 /* SBSwifty3DTouchPeekAndPoPUITests.swift in Sources */,
			);
			runOnlyForDeploymentPostprocessing = 0;
		};
/* End PBXSourcesBuildPhase section */

/* Begin PBXTargetDependency section */
		4EFE818F1BEC856E00181E14 /* PBXTargetDependency */ = {
			isa = PBXTargetDependency;
			target = 4EFE81781BEC856E00181E14 /* SBSwifty3DTouchPeekAndPoP */;
			targetProxy = 4EFE818E1BEC856E00181E14 /* PBXContainerItemProxy */;
		};
		4EFE819A1BEC856E00181E14 /* PBXTargetDependency */ = {
			isa = PBXTargetDependency;
			target = 4EFE81781BEC856E00181E14 /* SBSwifty3DTouchPeekAndPoP */;
			targetProxy = 4EFE81991BEC856E00181E14 /* PBXContainerItemProxy */;
		};
/* End PBXTargetDependency section */

/* Begin PBXVariantGroup section */
		4EFE81851BEC856E00181E14 /* LaunchScreen.storyboard */ = {
			isa = PBXVariantGroup;
			children = (
				4EFE81861BEC856E00181E14 /* Base */,
			);
			name = LaunchScreen.storyboard;
			sourceTree = "<group>";
		};
/* End PBXVariantGroup section */

/* Begin XCBuildConfiguration section */
		4EFE819F1BEC856E00181E14 /* Debug */ = {
			isa = XCBuildConfiguration;
			buildSettings = {
				ALWAYS_SEARCH_USER_PATHS = NO;
				CLANG_CXX_LANGUAGE_STANDARD = "gnu++0x";
				CLANG_CXX_LIBRARY = "libc++";
				CLANG_ENABLE_MODULES = YES;
				CLANG_ENABLE_OBJC_ARC = YES;
				CLANG_WARN_BOOL_CONVERSION = YES;
				CLANG_WARN_CONSTANT_CONVERSION = YES;
				CLANG_WARN_DIRECT_OBJC_ISA_USAGE = YES_ERROR;
				CLANG_WARN_EMPTY_BODY = YES;
				CLANG_WARN_ENUM_CONVERSION = YES;
				CLANG_WARN_INT_CONVERSION = YES;
				CLANG_WARN_OBJC_ROOT_CLASS = YES_ERROR;
				CLANG_WARN_UNREACHABLE_CODE = YES;
				CLANG_WARN__DUPLICATE_METHOD_MATCH = YES;
				CODE_SIGN_IDENTITY = "iPhone Developer";
				"CODE_SIGN_IDENTITY[sdk=iphoneos*]" = "iPhone Developer";
				COPY_PHASE_STRIP = NO;
				DEBUG_INFORMATION_FORMAT = dwarf;
				ENABLE_STRICT_OBJC_MSGSEND = YES;
				ENABLE_TESTABILITY = YES;
				GCC_C_LANGUAGE_STANDARD = gnu99;
				GCC_DYNAMIC_NO_PIC = NO;
				GCC_NO_COMMON_BLOCKS = YES;
				GCC_OPTIMIZATION_LEVEL = 0;
				GCC_PREPROCESSOR_DEFINITIONS = (
					"DEBUG=1",
					"$(inherited)",
				);
				GCC_WARN_64_TO_32_BIT_CONVERSION = YES;
				GCC_WARN_ABOUT_RETURN_TYPE = YES_ERROR;
				GCC_WARN_UNDECLARED_SELECTOR = YES;
				GCC_WARN_UNINITIALIZED_AUTOS = YES_AGGRESSIVE;
				GCC_WARN_UNUSED_FUNCTION = YES;
				GCC_WARN_UNUSED_VARIABLE = YES;
				IPHONEOS_DEPLOYMENT_TARGET = 9.1;
				MTL_ENABLE_DEBUG_INFO = YES;
				ONLY_ACTIVE_ARCH = YES;
				SDKROOT = iphoneos;
				SWIFT_OPTIMIZATION_LEVEL = "-Onone";
			};
			name = Debug;
		};
		4EFE81A01BEC856E00181E14 /* Release */ = {
			isa = XCBuildConfiguration;
			buildSettings = {
				ALWAYS_SEARCH_USER_PATHS = NO;
				CLANG_CXX_LANGUAGE_STANDARD = "gnu++0x";
				CLANG_CXX_LIBRARY = "libc++";
				CLANG_ENABLE_MODULES = YES;
				CLANG_ENABLE_OBJC_ARC = YES;
				CLANG_WARN_BOOL_CONVERSION = YES;
				CLANG_WARN_CONSTANT_CONVERSION = YES;
				CLANG_WARN_DIRECT_OBJC_ISA_USAGE = YES_ERROR;
				CLANG_WARN_EMPTY_BODY = YES;
				CLANG_WARN_ENUM_CONVERSION = YES;
				CLANG_WARN_INT_CONVERSION = YES;
				CLANG_WARN_OBJC_ROOT_CLASS = YES_ERROR;
				CLANG_WARN_UNREACHABLE_CODE = YES;
				CLANG_WARN__DUPLICATE_METHOD_MATCH = YES;
				CODE_SIGN_IDENTITY = "iPhone Developer";
				"CODE_SIGN_IDENTITY[sdk=iphoneos*]" = "iPhone Developer";
				COPY_PHASE_STRIP = NO;
				DEBUG_INFORMATION_FORMAT = "dwarf-with-dsym";
				ENABLE_NS_ASSERTIONS = NO;
				ENABLE_STRICT_OBJC_MSGSEND = YES;
				GCC_C_LANGUAGE_STANDARD = gnu99;
				GCC_NO_COMMON_BLOCKS = YES;
				GCC_WARN_64_TO_32_BIT_CONVERSION = YES;
				GCC_WARN_ABOUT_RETURN_TYPE = YES_ERROR;
				GCC_WARN_UNDECLARED_SELECTOR = YES;
				GCC_WARN_UNINITIALIZED_AUTOS = YES_AGGRESSIVE;
				GCC_WARN_UNUSED_FUNCTION = YES;
				GCC_WARN_UNUSED_VARIABLE = YES;
				IPHONEOS_DEPLOYMENT_TARGET = 9.1;
				MTL_ENABLE_DEBUG_INFO = NO;
				SDKROOT = iphoneos;
				VALIDATE_PRODUCT = YES;
			};
			name = Release;
		};
		4EFE81A21BEC856E00181E14 /* Debug */ = {
			isa = XCBuildConfiguration;
			buildSettings = {
				ASSETCATALOG_COMPILER_APPICON_NAME = AppIcon;
				CODE_SIGN_IDENTITY = "iPhone Developer";
				INFOPLIST_FILE = SBSwifty3DTouchPeekAndPoP/Info.plist;
				IPHONEOS_DEPLOYMENT_TARGET = 9.0;
				LD_RUNPATH_SEARCH_PATHS = "$(inherited) @executable_path/Frameworks";
				PRODUCT_BUNDLE_IDENTIFIER = com.sankarlal20.SBSwifty3DTouchPeekAndPoP;
				PRODUCT_NAME = "$(TARGET_NAME)";
			};
			name = Debug;
		};
		4EFE81A31BEC856E00181E14 /* Release */ = {
			isa = XCBuildConfiguration;
			buildSettings = {
				ASSETCATALOG_COMPILER_APPICON_NAME = AppIcon;
				CODE_SIGN_IDENTITY = "iPhone Developer";
				INFOPLIST_FILE = SBSwifty3DTouchPeekAndPoP/Info.plist;
				IPHONEOS_DEPLOYMENT_TARGET = 9.0;
				LD_RUNPATH_SEARCH_PATHS = "$(inherited) @executable_path/Frameworks";
				PRODUCT_BUNDLE_IDENTIFIER = com.sankarlal20.SBSwifty3DTouchPeekAndPoP;
				PRODUCT_NAME = "$(TARGET_NAME)";
			};
			name = Release;
		};
		4EFE81A51BEC856E00181E14 /* Debug */ = {
			isa = XCBuildConfiguration;
			buildSettings = {
				BUNDLE_LOADER = "$(TEST_HOST)";
				INFOPLIST_FILE = SBSwifty3DTouchPeekAndPoPTests/Info.plist;
				LD_RUNPATH_SEARCH_PATHS = "$(inherited) @executable_path/Frameworks @loader_path/Frameworks";
				PRODUCT_BUNDLE_IDENTIFIER = com.sankarlal20.SBSwifty3DTouchPeekAndPoPTests;
				PRODUCT_NAME = "$(TARGET_NAME)";
				TEST_HOST = "$(BUILT_PRODUCTS_DIR)/SBSwifty3DTouchPeekAndPoP.app/SBSwifty3DTouchPeekAndPoP";
			};
			name = Debug;
		};
		4EFE81A61BEC856E00181E14 /* Release */ = {
			isa = XCBuildConfiguration;
			buildSettings = {
				BUNDLE_LOADER = "$(TEST_HOST)";
				INFOPLIST_FILE = SBSwifty3DTouchPeekAndPoPTests/Info.plist;
				LD_RUNPATH_SEARCH_PATHS = "$(inherited) @executable_path/Frameworks @loader_path/Frameworks";
				PRODUCT_BUNDLE_IDENTIFIER = com.sankarlal20.SBSwifty3DTouchPeekAndPoPTests;
				PRODUCT_NAME = "$(TARGET_NAME)";
				TEST_HOST = "$(BUILT_PRODUCTS_DIR)/SBSwifty3DTouchPeekAndPoP.app/SBSwifty3DTouchPeekAndPoP";
			};
			name = Release;
		};
		4EFE81A81BEC856E00181E14 /* Debug */ = {
			isa = XCBuildConfiguration;
			buildSettings = {
				INFOPLIST_FILE = SBSwifty3DTouchPeekAndPoPUITests/Info.plist;
				LD_RUNPATH_SEARCH_PATHS = "$(inherited) @executable_path/Frameworks @loader_path/Frameworks";
				PRODUCT_BUNDLE_IDENTIFIER = com.sankarlal20.SBSwifty3DTouchPeekAndPoPUITests;
				PRODUCT_NAME = "$(TARGET_NAME)";
				TEST_TARGET_NAME = SBSwifty3DTouchPeekAndPoP;
				USES_XCTRUNNER = YES;
			};
			name = Debug;
		};
		4EFE81A91BEC856E00181E14 /* Release */ = {
			isa = XCBuildConfiguration;
			buildSettings = {
				INFOPLIST_FILE = SBSwifty3DTouchPeekAndPoPUITests/Info.plist;
				LD_RUNPATH_SEARCH_PATHS = "$(inherited) @executable_path/Frameworks @loader_path/Frameworks";
				PRODUCT_BUNDLE_IDENTIFIER = com.sankarlal20.SBSwifty3DTouchPeekAndPoPUITests;
				PRODUCT_NAME = "$(TARGET_NAME)";
				TEST_TARGET_NAME = SBSwifty3DTouchPeekAndPoP;
				USES_XCTRUNNER = YES;
			};
			name = Release;
		};
/* End XCBuildConfiguration section */

/* Begin XCConfigurationList section */
		4EFE81741BEC856E00181E14 /* Build configuration list for PBXProject "SBSwifty3DTouchPeekAndPoP" */ = {
			isa = XCConfigurationList;
			buildConfigurations = (
				4EFE819F1BEC856E00181E14 /* Debug */,
				4EFE81A01BEC856E00181E14 /* Release */,
			);
			defaultConfigurationIsVisible = 0;
			defaultConfigurationName = Release;
		};
		4EFE81A11BEC856E00181E14 /* Build configuration list for PBXNativeTarget "SBSwifty3DTouchPeekAndPoP" */ = {
			isa = XCConfigurationList;
			buildConfigurations = (
				4EFE81A21BEC856E00181E14 /* Debug */,
				4EFE81A31BEC856E00181E14 /* Release */,
			);
			defaultConfigurationIsVisible = 0;
			defaultConfigurationName = Release;
		};
		4EFE81A41BEC856E00181E14 /* Build configuration list for PBXNativeTarget "SBSwifty3DTouchPeekAndPoPTests" */ = {
			isa = XCConfigurationList;
			buildConfigurations = (
				4EFE81A51BEC856E00181E14 /* Debug */,
				4EFE81A61BEC856E00181E14 /* Release */,
			);
			defaultConfigurationIsVisible = 0;
			defaultConfigurationName = Release;
		};
		4EFE81A71BEC856E00181E14 /* Build configuration list for PBXNativeTarget "SBSwifty3DTouchPeekAndPoPUITests" */ = {
			isa = XCConfigurationList;
			buildConfigurations = (
				4EFE81A81BEC856E00181E14 /* Debug */,
				4EFE81A91BEC856E00181E14 /* Release */,
			);
			defaultConfigurationIsVisible = 0;
			defaultConfigurationName = Release;
		};
/* End XCConfigurationList section */
	};
	rootObject = 4EFE81711BEC856E00181E14 /* Project object */;
}
